
Microsoft Visual Studio Solution File, Format Version 12.00
# Visual Studio Version 17
VisualStudioVersion = 17.0.31903.59
MinimumVisualStudioVersion = 10.0.40219.1
Project("{FAE04EC0-301F-11D3-BF4B-00C04F79EFBC}") = "GitBranchUI", "GitBranchUI\GitBranchUI.csproj", "{4547CC8E-706E-410D-86D1-9B16DA7D6A9F}"
EndProject
Project("{FAE04EC0-301F-11D3-BF4B-00C04F79EFBC}") = "GitBranchUI.Tests", "GitBranchUI.Tests\GitBranchUI.Tests.csproj", "{534722D4-D664-4C27-9CB7-A887A68B36F3}"
EndProject
Project("{FAE04EC0-301F-11D3-BF4B-00C04F79EFBC}") = "Example", "Example\Example.csproj", "{F19CB72A-1C28-414D-B0C4-3ED79274E9D9}"
EndProject
Global
	GlobalSection(SolutionConfigurationPlatforms) = preSolution
		Debug|Any CPU = Debug|Any CPU
		Release|Any CPU = Release|Any CPU
	EndGlobalSection
	GlobalSection(SolutionProperties) = preSolution
		HideSolutionNode = FALSE
	EndGlobalSection
	GlobalSection(ProjectConfigurationPlatforms) = postSolution
		{4547CC8E-706E-410D-86D1-9B16DA7D6A9F}.Debug|Any CPU.ActiveCfg = Debug|Any CPU
		{4547CC8E-706E-410D-86D1-9B16DA7D6A9F}.Debug|Any CPU.Build.0 = Debug|Any CPU
		{4547CC8E-706E-410D-86D1-9B16DA7D6A9F}.Release|Any CPU.ActiveCfg = Release|Any CPU
		{4547CC8E-706E-410D-86D1-9B16DA7D6A9F}.Release|Any CPU.Build.0 = Release|Any CPU
		{534722D4-D664-4C27-9CB7-A887A68B36F3}.Debug|Any CPU.ActiveCfg = Debug|Any CPU
		{534722D4-D664-4C27-9CB7-A887A68B36F3}.Debug|Any CPU.Build.0 = Debug|Any CPU
		{534722D4-D664-4C27-9CB7-A887A68B36F3}.Release|Any CPU.ActiveCfg = Release|Any CPU
		{534722D4-D664-4C27-9CB7-A887A68B36F3}.Release|Any CPU.Build.0 = Release|Any CPU
		{F19CB72A-1C28-414D-B0C4-3ED79274E9D9}.Debug|Any CPU.ActiveCfg = Debug|Any CPU
		{F19CB72A-1C28-414D-B0C4-3ED79274E9D9}.Debug|Any CPU.Build.0 = Debug|Any CPU
		{F19CB72A-1C28-414D-B0C4-3ED79274E9D9}.Release|Any CPU.ActiveCfg = Release|Any CPU
		{F19CB72A-1C28-414D-B0C4-3ED79274E9D9}.Release|Any CPU.Build.0 = Release|Any CPU
	EndGlobalSection
EndGlobal
